
Microsoft Visual Studio Solution File, Format Version 12.00
# Visual Studio Version 16
VisualStudioVersion = 16.0.29411.108
MinimumVisualStudioVersion = 10.0.40219.1
Project("{9A19103F-16F7-4668-BE54-9A1E7A4F7556}") = "Ayuda", "Ayuda\Ayuda.csproj", "{F1CEB2C8-D040-44C9-86B6-D6FEC15D07EE}"
EndProject
Project("{9A19103F-16F7-4668-BE54-9A1E7A4F7556}") = "Plantillas", "Plantillas\Plantillas.csproj", "{EAE27FA1-2DCE-4939-8653-354A73278FD8}"
EndProject
Project("{9A19103F-16F7-4668-BE54-9A1E7A4F7556}") = "ApiV3", "ApiV3\ApiV3.csproj", "{1B775D77-00A5-4E56-B23C-7B6BCD767233}"
EndProject
Project("{9A19103F-16F7-4668-BE54-9A1E7A4F7556}") = "Reportes", "Reportes\Reportes.csproj", "{B8794229-0E96-4C0F-A5BD-73B9D4DE14D8}"
EndProject
Project("{9A19103F-16F7-4668-BE54-9A1E7A4F7556}") = "Reclutamiento", "Reclutamiento\Reclutamiento.csproj", "{8A8255FF-0EB7-4A42-9EBC-5BA18BD7DBCE}"
EndProject
Global
	GlobalSection(SolutionConfigurationPlatforms) = preSolution
		Debug|Any CPU = Debug|Any CPU
		Release|Any CPU = Release|Any CPU
	EndGlobalSection
	GlobalSection(ProjectConfigurationPlatforms) = postSolution
		{F1CEB2C8-D040-44C9-86B6-D6FEC15D07EE}.Debug|Any CPU.ActiveCfg = Debug|Any CPU
		{F1CEB2C8-D040-44C9-86B6-D6FEC15D07EE}.Debug|Any CPU.Build.0 = Debug|Any CPU
		{F1CEB2C8-D040-44C9-86B6-D6FEC15D07EE}.Release|Any CPU.ActiveCfg = Release|Any CPU
		{F1CEB2C8-D040-44C9-86B6-D6FEC15D07EE}.Release|Any CPU.Build.0 = Release|Any CPU
		{EAE27FA1-2DCE-4939-8653-354A73278FD8}.Debug|Any CPU.ActiveCfg = Debug|Any CPU
		{EAE27FA1-2DCE-4939-8653-354A73278FD8}.Debug|Any CPU.Build.0 = Debug|Any CPU
		{EAE27FA1-2DCE-4939-8653-354A73278FD8}.Release|Any CPU.ActiveCfg = Release|Any CPU
		{EAE27FA1-2DCE-4939-8653-354A73278FD8}.Release|Any CPU.Build.0 = Release|Any CPU
		{1B775D77-00A5-4E56-B23C-7B6BCD767233}.Debug|Any CPU.ActiveCfg = Debug|Any CPU
		{1B775D77-00A5-4E56-B23C-7B6BCD767233}.Debug|Any CPU.Build.0 = Debug|Any CPU
		{1B775D77-00A5-4E56-B23C-7B6BCD767233}.Release|Any CPU.ActiveCfg = Release|Any CPU
		{1B775D77-00A5-4E56-B23C-7B6BCD767233}.Release|Any CPU.Build.0 = Release|Any CPU
		{B8794229-0E96-4C0F-A5BD-73B9D4DE14D8}.Debug|Any CPU.ActiveCfg = Debug|Any CPU
		{B8794229-0E96-4C0F-A5BD-73B9D4DE14D8}.Debug|Any CPU.Build.0 = Debug|Any CPU
		{B8794229-0E96-4C0F-A5BD-73B9D4DE14D8}.Release|Any CPU.ActiveCfg = Release|Any CPU
		{B8794229-0E96-4C0F-A5BD-73B9D4DE14D8}.Release|Any CPU.Build.0 = Release|Any CPU
		{8A8255FF-0EB7-4A42-9EBC-5BA18BD7DBCE}.Debug|Any CPU.ActiveCfg = Debug|Any CPU
		{8A8255FF-0EB7-4A42-9EBC-5BA18BD7DBCE}.Debug|Any CPU.Build.0 = Debug|Any CPU
		{8A8255FF-0EB7-4A42-9EBC-5BA18BD7DBCE}.Release|Any CPU.ActiveCfg = Release|Any CPU
		{8A8255FF-0EB7-4A42-9EBC-5BA18BD7DBCE}.Release|Any CPU.Build.0 = Release|Any CPU
	EndGlobalSection
	GlobalSection(SolutionProperties) = preSolution
		HideSolutionNode = FALSE
	EndGlobalSection
	GlobalSection(ExtensibilityGlobals) = postSolution
		SolutionGuid = {27B15567-E6E1-4700-9688-1A9AF593A9AD}
	EndGlobalSection
EndGlobal
