
Microsoft Visual Studio Solution File, Format Version 12.00
# Visual Studio Version 16
VisualStudioVersion = 16.0.30128.74
MinimumVisualStudioVersion = 10.0.40219.1
Project("{F14B399A-7131-4C87-9E4B-1186C45EF12D}") = "ReportesSSRS", "ReportesSSRS.rptproj", "{4A009CFC-48E2-40E9-8988-04C20653F397}"
EndProject
Global
	GlobalSection(SolutionConfigurationPlatforms) = preSolution
		Debug|Default = Debug|Default
		DebugLocal|Default = DebugLocal|Default
		Release|Default = Release|Default
	EndGlobalSection
	GlobalSection(ProjectConfigurationPlatforms) = postSolution
		{4A009CFC-48E2-40E9-8988-04C20653F397}.Debug|Default.ActiveCfg = Debug
		{4A009CFC-48E2-40E9-8988-04C20653F397}.Debug|Default.Build.0 = Debug
		{4A009CFC-48E2-40E9-8988-04C20653F397}.Debug|Default.Deploy.0 = Debug
		{4A009CFC-48E2-40E9-8988-04C20653F397}.DebugLocal|Default.ActiveCfg = DebugLocal
		{4A009CFC-48E2-40E9-8988-04C20653F397}.DebugLocal|Default.Build.0 = DebugLocal
		{4A009CFC-48E2-40E9-8988-04C20653F397}.Release|Default.ActiveCfg = Release
		{4A009CFC-48E2-40E9-8988-04C20653F397}.Release|Default.Build.0 = Release
		{4A009CFC-48E2-40E9-8988-04C20653F397}.Release|Default.Deploy.0 = Release
	EndGlobalSection
	GlobalSection(SolutionProperties) = preSolution
		HideSolutionNode = FALSE
	EndGlobalSection
	GlobalSection(ExtensibilityGlobals) = postSolution
		SolutionGuid = {48DD260E-EA2C-4E7A-9BA2-7EBCE06C6D07}
	EndGlobalSection
EndGlobal
